
Microsoft Visual Studio Solution File, Format Version 12.00
# Visual Studio Version 16
VisualStudioVersion = 16.0.35931.194
MinimumVisualStudioVersion = 10.0.40219.1
Project("{FAE04EC0-301F-11D3-BF4B-00C04F79EFBC}") = "GUIGlobalSearch", "GUIGlobalSearch.csproj", "{99F0FE62-5410-47CD-AB88-FA1048E86CF1}"
EndProject
Global
	GlobalSection(SolutionConfigurationPlatforms) = preSolution
		Debug|Any CPU = Debug|Any CPU
		Release|Any CPU = Release|Any CPU
	EndGlobalSection
	GlobalSection(ProjectConfigurationPlatforms) = postSolution
		{99F0FE62-5410-47CD-AB88-FA1048E86CF1}.Debug|Any CPU.ActiveCfg = Release|Any CPU
		{99F0FE62-5410-47CD-AB88-FA1048E86CF1}.Debug|Any CPU.Build.0 = Release|Any CPU
		{99F0FE62-5410-47CD-AB88-FA1048E86CF1}.Release|Any CPU.ActiveCfg = Release|Any CPU
		{99F0FE62-5410-47CD-AB88-FA1048E86CF1}.Release|Any CPU.Build.0 = Release|Any CPU
	EndGlobalSection
	GlobalSection(SolutionProperties) = preSolution
		HideSolutionNode = FALSE
	EndGlobalSection
	GlobalSection(ExtensibilityGlobals) = postSolution
		SolutionGuid = {C2C36845-0298-40A4-88B4-53739607CC03}
	EndGlobalSection
EndGlobal
